
Microsoft Visual Studio Solution File, Format Version 12.00
# Visual Studio Version 16
VisualStudioVersion = 16.0.29215.179
MinimumVisualStudioVersion = 10.0.40219.1
Project("{9A19103F-16F7-4668-BE54-9A1E7A4F7556}") = "AdventOfCodeDay1", "AdventOfCodeDay1\AdventOfCodeDay1.csproj", "{21E38435-0084-43D1-9142-6B879B089E7A}"
EndProject
Project("{9A19103F-16F7-4668-BE54-9A1E7A4F7556}") = "AdventOfCodeDay2", "AdventOfCodeDay2\AdventOfCodeDay2.csproj", "{A41FD329-ACCA-45CA-89E5-B4E67E3BC8C3}"
EndProject
Project("{9A19103F-16F7-4668-BE54-9A1E7A4F7556}") = "AdventOfCodeDay3", "AdventOfCodeDay3\AdventOfCodeDay3.csproj", "{92E38B03-8764-4A99-BC1F-383740F203AF}"
EndProject
Project("{9A19103F-16F7-4668-BE54-9A1E7A4F7556}") = "AdventOfCodeDay4", "AdventOfCodeDay4\AdventOfCodeDay4.csproj", "{5CC2920D-6BE3-4FA4-B436-68E6B9404427}"
EndProject
Project("{9A19103F-16F7-4668-BE54-9A1E7A4F7556}") = "AdventOfCodeDay5", "AdventOfCodeDay5\AdventOfCodeDay5.csproj", "{749BA75C-4B8E-44E2-B6A7-BA274CF5E17F}"
EndProject
Project("{9A19103F-16F7-4668-BE54-9A1E7A4F7556}") = "AdventOfCodeDay6", "AdventOfCodeDay6\AdventOfCodeDay6.csproj", "{117BDE89-262A-47C8-B6EB-68CAA789F9E4}"
EndProject
Project("{9A19103F-16F7-4668-BE54-9A1E7A4F7556}") = "AdventOfCodeDay7", "AdventOfCodeDay7\AdventOfCodeDay7.csproj", "{704619C2-0BC7-47C8-B172-B74233F12B3B}"
EndProject
Project("{9A19103F-16F7-4668-BE54-9A1E7A4F7556}") = "AdventOfCodeDay8", "AdventOfCodeDay8\AdventOfCodeDay8.csproj", "{FF9206DE-B79F-49E0-BCCF-B19E2AE09E6C}"
EndProject
Project("{9A19103F-16F7-4668-BE54-9A1E7A4F7556}") = "AdventOfCodeDay9", "AdventOfCodeDay9\AdventOfCodeDay9.csproj", "{5BB1C75E-8C1E-40E8-A5AC-3E2EC102B772}"
EndProject
Project("{2150E333-8FDC-42A3-9474-1A3956D46DE8}") = "Solution Items", "Solution Items", "{CA47A464-C0FD-4758-9665-6A3F484A491A}"
	ProjectSection(SolutionItems) = preProject
		AdventOfCodeDay10\AdventOfCodeDay10.csproj = AdventOfCodeDay10\AdventOfCodeDay10.csproj
	EndProjectSection
EndProject
Project("{9A19103F-16F7-4668-BE54-9A1E7A4F7556}") = "AdventOfCodeDay10", "AdventOfCodeDay10\AdventOfCodeDay10.csproj", "{0B0BC404-7760-4E59-A263-8C8798CB98BB}"
EndProject
Global
	GlobalSection(SolutionConfigurationPlatforms) = preSolution
		Debug|Any CPU = Debug|Any CPU
		Release|Any CPU = Release|Any CPU
	EndGlobalSection
	GlobalSection(ProjectConfigurationPlatforms) = postSolution
		{21E38435-0084-43D1-9142-6B879B089E7A}.Debug|Any CPU.ActiveCfg = Debug|Any CPU
		{21E38435-0084-43D1-9142-6B879B089E7A}.Debug|Any CPU.Build.0 = Debug|Any CPU
		{21E38435-0084-43D1-9142-6B879B089E7A}.Release|Any CPU.ActiveCfg = Release|Any CPU
		{21E38435-0084-43D1-9142-6B879B089E7A}.Release|Any CPU.Build.0 = Release|Any CPU
		{A41FD329-ACCA-45CA-89E5-B4E67E3BC8C3}.Debug|Any CPU.ActiveCfg = Debug|Any CPU
		{A41FD329-ACCA-45CA-89E5-B4E67E3BC8C3}.Debug|Any CPU.Build.0 = Debug|Any CPU
		{A41FD329-ACCA-45CA-89E5-B4E67E3BC8C3}.Release|Any CPU.ActiveCfg = Release|Any CPU
		{A41FD329-ACCA-45CA-89E5-B4E67E3BC8C3}.Release|Any CPU.Build.0 = Release|Any CPU
		{92E38B03-8764-4A99-BC1F-383740F203AF}.Debug|Any CPU.ActiveCfg = Debug|Any CPU
		{92E38B03-8764-4A99-BC1F-383740F203AF}.Debug|Any CPU.Build.0 = Debug|Any CPU
		{92E38B03-8764-4A99-BC1F-383740F203AF}.Release|Any CPU.ActiveCfg = Release|Any CPU
		{92E38B03-8764-4A99-BC1F-383740F203AF}.Release|Any CPU.Build.0 = Release|Any CPU
		{5CC2920D-6BE3-4FA4-B436-68E6B9404427}.Debug|Any CPU.ActiveCfg = Debug|Any CPU
		{5CC2920D-6BE3-4FA4-B436-68E6B9404427}.Debug|Any CPU.Build.0 = Debug|Any CPU
		{5CC2920D-6BE3-4FA4-B436-68E6B9404427}.Release|Any CPU.ActiveCfg = Release|Any CPU
		{5CC2920D-6BE3-4FA4-B436-68E6B9404427}.Release|Any CPU.Build.0 = Release|Any CPU
		{749BA75C-4B8E-44E2-B6A7-BA274CF5E17F}.Debug|Any CPU.ActiveCfg = Debug|Any CPU
		{749BA75C-4B8E-44E2-B6A7-BA274CF5E17F}.Debug|Any CPU.Build.0 = Debug|Any CPU
		{749BA75C-4B8E-44E2-B6A7-BA274CF5E17F}.Release|Any CPU.ActiveCfg = Release|Any CPU
		{749BA75C-4B8E-44E2-B6A7-BA274CF5E17F}.Release|Any CPU.Build.0 = Release|Any CPU
		{117BDE89-262A-47C8-B6EB-68CAA789F9E4}.Debug|Any CPU.ActiveCfg = Debug|Any CPU
		{117BDE89-262A-47C8-B6EB-68CAA789F9E4}.Debug|Any CPU.Build.0 = Debug|Any CPU
		{117BDE89-262A-47C8-B6EB-68CAA789F9E4}.Release|Any CPU.ActiveCfg = Release|Any CPU
		{117BDE89-262A-47C8-B6EB-68CAA789F9E4}.Release|Any CPU.Build.0 = Release|Any CPU
		{704619C2-0BC7-47C8-B172-B74233F12B3B}.Debug|Any CPU.ActiveCfg = Debug|Any CPU
		{704619C2-0BC7-47C8-B172-B74233F12B3B}.Debug|Any CPU.Build.0 = Debug|Any CPU
		{704619C2-0BC7-47C8-B172-B74233F12B3B}.Release|Any CPU.ActiveCfg = Release|Any CPU
		{704619C2-0BC7-47C8-B172-B74233F12B3B}.Release|Any CPU.Build.0 = Release|Any CPU
		{FF9206DE-B79F-49E0-BCCF-B19E2AE09E6C}.Debug|Any CPU.ActiveCfg = Debug|Any CPU
		{FF9206DE-B79F-49E0-BCCF-B19E2AE09E6C}.Debug|Any CPU.Build.0 = Debug|Any CPU
		{FF9206DE-B79F-49E0-BCCF-B19E2AE09E6C}.Release|Any CPU.ActiveCfg = Release|Any CPU
		{FF9206DE-B79F-49E0-BCCF-B19E2AE09E6C}.Release|Any CPU.Build.0 = Release|Any CPU
		{5BB1C75E-8C1E-40E8-A5AC-3E2EC102B772}.Debug|Any CPU.ActiveCfg = Debug|Any CPU
		{5BB1C75E-8C1E-40E8-A5AC-3E2EC102B772}.Debug|Any CPU.Build.0 = Debug|Any CPU
		{5BB1C75E-8C1E-40E8-A5AC-3E2EC102B772}.Release|Any CPU.ActiveCfg = Release|Any CPU
		{5BB1C75E-8C1E-40E8-A5AC-3E2EC102B772}.Release|Any CPU.Build.0 = Release|Any CPU
		{0B0BC404-7760-4E59-A263-8C8798CB98BB}.Debug|Any CPU.ActiveCfg = Debug|Any CPU
		{0B0BC404-7760-4E59-A263-8C8798CB98BB}.Debug|Any CPU.Build.0 = Debug|Any CPU
		{0B0BC404-7760-4E59-A263-8C8798CB98BB}.Release|Any CPU.ActiveCfg = Release|Any CPU
		{0B0BC404-7760-4E59-A263-8C8798CB98BB}.Release|Any CPU.Build.0 = Release|Any CPU
	EndGlobalSection
	GlobalSection(SolutionProperties) = preSolution
		HideSolutionNode = FALSE
	EndGlobalSection
	GlobalSection(ExtensibilityGlobals) = postSolution
		SolutionGuid = {433C84FC-0C66-4244-A624-FC02CE7A1138}
	EndGlobalSection
EndGlobal
