
Microsoft Visual Studio Solution File, Format Version 12.00
# Visual Studio Version 16
VisualStudioVersion = 16.0.29215.179
MinimumVisualStudioVersion = 10.0.40219.1
Project("{2150E333-8FDC-42A3-9474-1A3956D46DE8}") = "Solution Items", "Solution Items", "{CA47A464-C0FD-4758-9665-6A3F484A491A}"
	ProjectSection(SolutionItems) = preProject
		AdventOfCodeDay10\AdventOfCodeDay10.csproj = AdventOfCodeDay10\AdventOfCodeDay10.csproj
	EndProjectSection
EndProject
Project("{9A19103F-16F7-4668-BE54-9A1E7A4F7556}") = "AdventOfCodeDay10", "AdventOfCodeDay10\AdventOfCodeDay10.csproj", "{0B0BC404-7760-4E59-A263-8C8798CB98BB}"
EndProject
Project("{9A19103F-16F7-4668-BE54-9A1E7A4F7556}") = "AdventOfCodeDay11", "AdventOfCodeDay11\AdventOfCodeDay11.csproj", "{7B499E01-A150-4680-A436-9A917B753EF6}"
EndProject
Project("{9A19103F-16F7-4668-BE54-9A1E7A4F7556}") = "AdventOfCodeDay01", "AdventOfCodeDay01\AdventOfCodeDay01.csproj", "{979381F3-B6E1-4199-B2C6-9CA0DD9B2335}"
EndProject
Project("{9A19103F-16F7-4668-BE54-9A1E7A4F7556}") = "AdventOfCodeDay02", "AdventOfCodeDay02\AdventOfCodeDay02.csproj", "{463F2A6D-44D8-4F58-AE4A-FA667604EEEC}"
EndProject
Project("{9A19103F-16F7-4668-BE54-9A1E7A4F7556}") = "AdventOfCodeDay03", "AdventOfCodeDay03\AdventOfCodeDay03.csproj", "{A947BEAD-25CB-468D-97F6-44ABB1E7201A}"
EndProject
Project("{9A19103F-16F7-4668-BE54-9A1E7A4F7556}") = "AdventOfCodeDay04", "AdventOfCodeDay04\AdventOfCodeDay04.csproj", "{5AED8D84-CE33-4CD6-903B-EDB93711BFA2}"
EndProject
Project("{9A19103F-16F7-4668-BE54-9A1E7A4F7556}") = "AdventOfCodeDay05", "AdventOfCodeDay05\AdventOfCodeDay05.csproj", "{18D95798-B2F1-4678-AF6B-3A486F60442E}"
EndProject
Project("{9A19103F-16F7-4668-BE54-9A1E7A4F7556}") = "AdventOfCodeDay06", "AdventOfCodeDay06\AdventOfCodeDay06.csproj", "{03143AC2-083B-4E11-B3DD-CD0981C71BB3}"
EndProject
Project("{9A19103F-16F7-4668-BE54-9A1E7A4F7556}") = "AdventOfCodeDay07", "AdventOfCodeDay07\AdventOfCodeDay07.csproj", "{8C94B6FC-D204-44D3-B660-3921CAF77229}"
EndProject
Project("{9A19103F-16F7-4668-BE54-9A1E7A4F7556}") = "AdventOfCodeDay08", "AdventOfCodeDay08\AdventOfCodeDay08.csproj", "{D44B57CF-623B-452A-B54F-FD842D8ED30F}"
EndProject
Project("{9A19103F-16F7-4668-BE54-9A1E7A4F7556}") = "AdventOfCodeDay09", "AdventOfCodeDay09\AdventOfCodeDay09.csproj", "{12F73310-7CA0-4526-9867-B6CEE5316B86}"
EndProject
Project("{9A19103F-16F7-4668-BE54-9A1E7A4F7556}") = "AdventOfCodeDay12", "AdventOfCodeDay12\AdventOfCodeDay12.csproj", "{EFE9554A-543E-4CC6-B8AD-5A7AD79EED21}"
EndProject
Project("{9A19103F-16F7-4668-BE54-9A1E7A4F7556}") = "AdventOfCodeDay13", "AdventOfCodeDay13\AdventOfCodeDay13.csproj", "{90C71EAC-1B19-4F13-A03A-96787366A5EF}"
EndProject
Project("{9A19103F-16F7-4668-BE54-9A1E7A4F7556}") = "AdventOfCodeDay14", "AdventOfCodeDay14\AdventOfCodeDay14.csproj", "{FC5BCCF9-4E40-4150-9538-0F76B461A57F}"
EndProject
Project("{9A19103F-16F7-4668-BE54-9A1E7A4F7556}") = "AdventOfCodeDay15", "AdventOfCodeDay15\AdventOfCodeDay15.csproj", "{B6DDF701-C3FE-4095-85BC-EB9A2B2D25CE}"
EndProject
Global
	GlobalSection(SolutionConfigurationPlatforms) = preSolution
		Debug|Any CPU = Debug|Any CPU
		Release|Any CPU = Release|Any CPU
	EndGlobalSection
	GlobalSection(ProjectConfigurationPlatforms) = postSolution
		{0B0BC404-7760-4E59-A263-8C8798CB98BB}.Debug|Any CPU.ActiveCfg = Debug|Any CPU
		{0B0BC404-7760-4E59-A263-8C8798CB98BB}.Debug|Any CPU.Build.0 = Debug|Any CPU
		{0B0BC404-7760-4E59-A263-8C8798CB98BB}.Release|Any CPU.ActiveCfg = Release|Any CPU
		{0B0BC404-7760-4E59-A263-8C8798CB98BB}.Release|Any CPU.Build.0 = Release|Any CPU
		{7B499E01-A150-4680-A436-9A917B753EF6}.Debug|Any CPU.ActiveCfg = Debug|Any CPU
		{7B499E01-A150-4680-A436-9A917B753EF6}.Debug|Any CPU.Build.0 = Debug|Any CPU
		{7B499E01-A150-4680-A436-9A917B753EF6}.Release|Any CPU.ActiveCfg = Release|Any CPU
		{7B499E01-A150-4680-A436-9A917B753EF6}.Release|Any CPU.Build.0 = Release|Any CPU
		{979381F3-B6E1-4199-B2C6-9CA0DD9B2335}.Debug|Any CPU.ActiveCfg = Debug|Any CPU
		{979381F3-B6E1-4199-B2C6-9CA0DD9B2335}.Debug|Any CPU.Build.0 = Debug|Any CPU
		{979381F3-B6E1-4199-B2C6-9CA0DD9B2335}.Release|Any CPU.ActiveCfg = Release|Any CPU
		{979381F3-B6E1-4199-B2C6-9CA0DD9B2335}.Release|Any CPU.Build.0 = Release|Any CPU
		{463F2A6D-44D8-4F58-AE4A-FA667604EEEC}.Debug|Any CPU.ActiveCfg = Debug|Any CPU
		{463F2A6D-44D8-4F58-AE4A-FA667604EEEC}.Debug|Any CPU.Build.0 = Debug|Any CPU
		{463F2A6D-44D8-4F58-AE4A-FA667604EEEC}.Release|Any CPU.ActiveCfg = Release|Any CPU
		{463F2A6D-44D8-4F58-AE4A-FA667604EEEC}.Release|Any CPU.Build.0 = Release|Any CPU
		{A947BEAD-25CB-468D-97F6-44ABB1E7201A}.Debug|Any CPU.ActiveCfg = Debug|Any CPU
		{A947BEAD-25CB-468D-97F6-44ABB1E7201A}.Debug|Any CPU.Build.0 = Debug|Any CPU
		{A947BEAD-25CB-468D-97F6-44ABB1E7201A}.Release|Any CPU.ActiveCfg = Release|Any CPU
		{A947BEAD-25CB-468D-97F6-44ABB1E7201A}.Release|Any CPU.Build.0 = Release|Any CPU
		{5AED8D84-CE33-4CD6-903B-EDB93711BFA2}.Debug|Any CPU.ActiveCfg = Debug|Any CPU
		{5AED8D84-CE33-4CD6-903B-EDB93711BFA2}.Debug|Any CPU.Build.0 = Debug|Any CPU
		{5AED8D84-CE33-4CD6-903B-EDB93711BFA2}.Release|Any CPU.ActiveCfg = Release|Any CPU
		{5AED8D84-CE33-4CD6-903B-EDB93711BFA2}.Release|Any CPU.Build.0 = Release|Any CPU
		{18D95798-B2F1-4678-AF6B-3A486F60442E}.Debug|Any CPU.ActiveCfg = Debug|Any CPU
		{18D95798-B2F1-4678-AF6B-3A486F60442E}.Debug|Any CPU.Build.0 = Debug|Any CPU
		{18D95798-B2F1-4678-AF6B-3A486F60442E}.Release|Any CPU.ActiveCfg = Release|Any CPU
		{18D95798-B2F1-4678-AF6B-3A486F60442E}.Release|Any CPU.Build.0 = Release|Any CPU
		{03143AC2-083B-4E11-B3DD-CD0981C71BB3}.Debug|Any CPU.ActiveCfg = Debug|Any CPU
		{03143AC2-083B-4E11-B3DD-CD0981C71BB3}.Debug|Any CPU.Build.0 = Debug|Any CPU
		{03143AC2-083B-4E11-B3DD-CD0981C71BB3}.Release|Any CPU.ActiveCfg = Release|Any CPU
		{03143AC2-083B-4E11-B3DD-CD0981C71BB3}.Release|Any CPU.Build.0 = Release|Any CPU
		{8C94B6FC-D204-44D3-B660-3921CAF77229}.Debug|Any CPU.ActiveCfg = Debug|Any CPU
		{8C94B6FC-D204-44D3-B660-3921CAF77229}.Debug|Any CPU.Build.0 = Debug|Any CPU
		{8C94B6FC-D204-44D3-B660-3921CAF77229}.Release|Any CPU.ActiveCfg = Release|Any CPU
		{8C94B6FC-D204-44D3-B660-3921CAF77229}.Release|Any CPU.Build.0 = Release|Any CPU
		{D44B57CF-623B-452A-B54F-FD842D8ED30F}.Debug|Any CPU.ActiveCfg = Debug|Any CPU
		{D44B57CF-623B-452A-B54F-FD842D8ED30F}.Debug|Any CPU.Build.0 = Debug|Any CPU
		{D44B57CF-623B-452A-B54F-FD842D8ED30F}.Release|Any CPU.ActiveCfg = Release|Any CPU
		{D44B57CF-623B-452A-B54F-FD842D8ED30F}.Release|Any CPU.Build.0 = Release|Any CPU
		{12F73310-7CA0-4526-9867-B6CEE5316B86}.Debug|Any CPU.ActiveCfg = Debug|Any CPU
		{12F73310-7CA0-4526-9867-B6CEE5316B86}.Debug|Any CPU.Build.0 = Debug|Any CPU
		{12F73310-7CA0-4526-9867-B6CEE5316B86}.Release|Any CPU.ActiveCfg = Release|Any CPU
		{12F73310-7CA0-4526-9867-B6CEE5316B86}.Release|Any CPU.Build.0 = Release|Any CPU
		{EFE9554A-543E-4CC6-B8AD-5A7AD79EED21}.Debug|Any CPU.ActiveCfg = Debug|Any CPU
		{EFE9554A-543E-4CC6-B8AD-5A7AD79EED21}.Debug|Any CPU.Build.0 = Debug|Any CPU
		{EFE9554A-543E-4CC6-B8AD-5A7AD79EED21}.Release|Any CPU.ActiveCfg = Release|Any CPU
		{EFE9554A-543E-4CC6-B8AD-5A7AD79EED21}.Release|Any CPU.Build.0 = Release|Any CPU
		{90C71EAC-1B19-4F13-A03A-96787366A5EF}.Debug|Any CPU.ActiveCfg = Debug|Any CPU
		{90C71EAC-1B19-4F13-A03A-96787366A5EF}.Debug|Any CPU.Build.0 = Debug|Any CPU
		{90C71EAC-1B19-4F13-A03A-96787366A5EF}.Release|Any CPU.ActiveCfg = Release|Any CPU
		{90C71EAC-1B19-4F13-A03A-96787366A5EF}.Release|Any CPU.Build.0 = Release|Any CPU
		{FC5BCCF9-4E40-4150-9538-0F76B461A57F}.Debug|Any CPU.ActiveCfg = Debug|Any CPU
		{FC5BCCF9-4E40-4150-9538-0F76B461A57F}.Debug|Any CPU.Build.0 = Debug|Any CPU
		{FC5BCCF9-4E40-4150-9538-0F76B461A57F}.Release|Any CPU.ActiveCfg = Release|Any CPU
		{FC5BCCF9-4E40-4150-9538-0F76B461A57F}.Release|Any CPU.Build.0 = Release|Any CPU
		{B6DDF701-C3FE-4095-85BC-EB9A2B2D25CE}.Debug|Any CPU.ActiveCfg = Debug|Any CPU
		{B6DDF701-C3FE-4095-85BC-EB9A2B2D25CE}.Debug|Any CPU.Build.0 = Debug|Any CPU
		{B6DDF701-C3FE-4095-85BC-EB9A2B2D25CE}.Release|Any CPU.ActiveCfg = Release|Any CPU
		{B6DDF701-C3FE-4095-85BC-EB9A2B2D25CE}.Release|Any CPU.Build.0 = Release|Any CPU
	EndGlobalSection
	GlobalSection(SolutionProperties) = preSolution
		HideSolutionNode = FALSE
	EndGlobalSection
	GlobalSection(ExtensibilityGlobals) = postSolution
		SolutionGuid = {433C84FC-0C66-4244-A624-FC02CE7A1138}
	EndGlobalSection
EndGlobal
